
Microsoft Visual Studio Solution File, Format Version 12.00
# Visual Studio Version 18
VisualStudioVersion = 18.4.11605.240 stable
MinimumVisualStudioVersion = 10.0.40219.1
Project("{FAE04EC0-301F-11D3-BF4B-00C04F79EFBC}") = "AgentSync", "AgentSync.csproj", "{93B4ABFB-E31B-FDE5-C18E-4FA0B846D62E}"
EndProject
Global
	GlobalSection(SolutionConfigurationPlatforms) = preSolution
		Debug|Any CPU = Debug|Any CPU
		Release|Any CPU = Release|Any CPU
	EndGlobalSection
	GlobalSection(ProjectConfigurationPlatforms) = postSolution
		{93B4ABFB-E31B-FDE5-C18E-4FA0B846D62E}.Debug|Any CPU.ActiveCfg = Debug|Any CPU
		{93B4ABFB-E31B-FDE5-C18E-4FA0B846D62E}.Debug|Any CPU.Build.0 = Debug|Any CPU
		{93B4ABFB-E31B-FDE5-C18E-4FA0B846D62E}.Release|Any CPU.ActiveCfg = Release|Any CPU
		{93B4ABFB-E31B-FDE5-C18E-4FA0B846D62E}.Release|Any CPU.Build.0 = Release|Any CPU
	EndGlobalSection
	GlobalSection(SolutionProperties) = preSolution
		HideSolutionNode = FALSE
	EndGlobalSection
	GlobalSection(ExtensibilityGlobals) = postSolution
		SolutionGuid = {5F749469-D12D-4F2F-ADB0-1B8FD33DA68C}
	EndGlobalSection
EndGlobal
